// !$*UTF8*$!
{
	archiveVersion = 1;
	classes = {
	};
	objectVersion = 51;
	objects = {

/* Begin PBXBuildFile section */
		037A3DD7C6B24EE5AE633D87 /* Pods_flixsterTests.framework in Frameworks */ = {isa = PBXBuildFile; fileRef = 4F4AC09242F8D03694EBCA9C /* Pods_flixsterTests.framework */; };
		AC6A86322A431C971B27B623 /* Pods_flixster_flixsterUITests.framework in Frameworks */ = {isa = PBXBuildFile; fileRef = CE1978EF83B74DA4743C7261 /* Pods_flixster_flixsterUITests.framework */; };
		AF2289B0768A386E46815366 /* Pods_flixster.framework in Frameworks */ = {isa = PBXBuildFile; fileRef = 02FDED0C6102C96C6A5FF3B6 /* Pods_flixster.framework */; };
		B32D02F823EBE30E00C1A269 /* MovieDetailsViewController.swift in Sources */ = {isa = PBXBuildFile; fileRef = B32D02F723EBE30E00C1A269 /* MovieDetailsViewController.swift */; };
		B32D02FA23EBF3EC00C1A269 /* MoveiGridViewController.swift in Sources */ = {isa = PBXBuildFile; fileRef = B32D02F923EBF3EC00C1A269 /* MoveiGridViewController.swift */; };
		B3C304CF23E2AE4200B3258A /* AppDelegate.swift in Sources */ = {isa = PBXBuildFile; fileRef = B3C304CE23E2AE4200B3258A /* AppDelegate.swift */; };
		B3C304D123E2AE4200B3258A /* SceneDelegate.swift in Sources */ = {isa = PBXBuildFile; fileRef = B3C304D023E2AE4200B3258A /* SceneDelegate.swift */; };
		B3C304D323E2AE4200B3258A /* MoviesViewController.swift in Sources */ = {isa = PBXBuildFile; fileRef = B3C304D223E2AE4200B3258A /* MoviesViewController.swift */; };
		B3C304D623E2AE4200B3258A /* Main.storyboard in Resources */ = {isa = PBXBuildFile; fileRef = B3C304D423E2AE4200B3258A /* Main.storyboard */; };
		B3C304D823E2AE4300B3258A /* Assets.xcassets in Resources */ = {isa = PBXBuildFile; fileRef = B3C304D723E2AE4300B3258A /* Assets.xcassets */; };
		B3C304DB23E2AE4300B3258A /* LaunchScreen.storyboard in Resources */ = {isa = PBXBuildFile; fileRef = B3C304D923E2AE4300B3258A /* LaunchScreen.storyboard */; };
		B3C304E623E2AE4300B3258A /* flixsterTests.swift in Sources */ = {isa = PBXBuildFile; fileRef = B3C304E523E2AE4300B3258A /* flixsterTests.swift */; };
		B3C304F123E2AE4300B3258A /* flixsterUITests.swift in Sources */ = {isa = PBXBuildFile; fileRef = B3C304F023E2AE4300B3258A /* flixsterUITests.swift */; };
		B3C304FF23E2B6EE00B3258A /* MovieCell.swift in Sources */ = {isa = PBXBuildFile; fileRef = B3C304FE23E2B6EE00B3258A /* MovieCell.swift */; };
/* End PBXBuildFile section */

/* Begin PBXContainerItemProxy section */
		B3C304E223E2AE4300B3258A /* PBXContainerItemProxy */ = {
			isa = PBXContainerItemProxy;
			containerPortal = B3C304C323E2AE4200B3258A /* Project object */;
			proxyType = 1;
			remoteGlobalIDString = B3C304CA23E2AE4200B3258A;
			remoteInfo = flixster;
		};
		B3C304ED23E2AE4300B3258A /* PBXContainerItemProxy */ = {
			isa = PBXContainerItemProxy;
			containerPortal = B3C304C323E2AE4200B3258A /* Project object */;
			proxyType = 1;
			remoteGlobalIDString = B3C304CA23E2AE4200B3258A;
			remoteInfo = flixster;
		};
/* End PBXContainerItemProxy section */

/* Begin PBXFileReference section */
		02FDED0C6102C96C6A5FF3B6 /* Pods_flixster.framework */ = {isa = PBXFileReference; explicitFileType = wrapper.framework; includeInIndex = 0; path = Pods_flixster.framework; sourceTree = BUILT_PRODUCTS_DIR; };
		28FFB33220C80F8A35479A63 /* Pods-flixster-flixsterUITests.debug.xcconfig */ = {isa = PBXFileReference; includeInIndex = 1; lastKnownFileType = text.xcconfig; name = "Pods-flixster-flixsterUITests.debug.xcconfig"; path = "Target Support Files/Pods-flixster-flixsterUITests/Pods-flixster-flixsterUITests.debug.xcconfig"; sourceTree = "<group>"; };
		43B14D785E5CE2BDEAA030CC /* Pods-flixster.debug.xcconfig */ = {isa = PBXFileReference; includeInIndex = 1; lastKnownFileType = text.xcconfig; name = "Pods-flixster.debug.xcconfig"; path = "Target Support Files/Pods-flixster/Pods-flixster.debug.xcconfig"; sourceTree = "<group>"; };
		4F4AC09242F8D03694EBCA9C /* Pods_flixsterTests.framework */ = {isa = PBXFileReference; explicitFileType = wrapper.framework; includeInIndex = 0; path = Pods_flixsterTests.framework; sourceTree = BUILT_PRODUCTS_DIR; };
		B32D02F723EBE30E00C1A269 /* MovieDetailsViewController.swift */ = {isa = PBXFileReference; lastKnownFileType = sourcecode.swift; path = MovieDetailsViewController.swift; sourceTree = "<group>"; };
		B32D02F923EBF3EC00C1A269 /* MoveiGridViewController.swift */ = {isa = PBXFileReference; lastKnownFileType = sourcecode.swift; path = MoveiGridViewController.swift; sourceTree = "<group>"; };
		B3C304CB23E2AE4200B3258A /* flixster.app */ = {isa = PBXFileReference; explicitFileType = wrapper.application; includeInIndex = 0; path = flixster.app; sourceTree = BUILT_PRODUCTS_DIR; };
		B3C304CE23E2AE4200B3258A /* AppDelegate.swift */ = {isa = PBXFileReference; lastKnownFileType = sourcecode.swift; path = AppDelegate.swift; sourceTree = "<group>"; };
		B3C304D023E2AE4200B3258A /* SceneDelegate.swift */ = {isa = PBXFileReference; lastKnownFileType = sourcecode.swift; path = SceneDelegate.swift; sourceTree = "<group>"; };
		B3C304D223E2AE4200B3258A /* MoviesViewController.swift */ = {isa = PBXFileReference; lastKnownFileType = sourcecode.swift; path = MoviesViewController.swift; sourceTree = "<group>"; };
		B3C304D523E2AE4200B3258A /* Base */ = {isa = PBXFileReference; lastKnownFileType = file.storyboard; name = Base; path = Base.lproj/Main.storyboard; sourceTree = "<group>"; };
		B3C304D723E2AE4300B3258A /* Assets.xcassets */ = {isa = PBXFileReference; lastKnownFileType = folder.assetcatalog; path = Assets.xcassets; sourceTree = "<group>"; };
		B3C304DA23E2AE4300B3258A /* Base */ = {isa = PBXFileReference; lastKnownFileType = file.storyboard; name = Base; path = Base.lproj/LaunchScreen.storyboard; sourceTree = "<group>"; };
		B3C304DC23E2AE4300B3258A /* Info.plist */ = {isa = PBXFileReference; lastKnownFileType = text.plist.xml; path = Info.plist; sourceTree = "<group>"; };
		B3C304E123E2AE4300B3258A /* flixsterTests.xctest */ = {isa = PBXFileReference; explicitFileType = wrapper.cfbundle; includeInIndex = 0; path = flixsterTests.xctest; sourceTree = BUILT_PRODUCTS_DIR; };
		B3C304E523E2AE4300B3258A /* flixsterTests.swift */ = {isa = PBXFileReference; lastKnownFileType = sourcecode.swift; path = flixsterTests.swift; sourceTree = "<group>"; };
		B3C304E723E2AE4300B3258A /* Info.plist */ = {isa = PBXFileReference; lastKnownFileType = text.plist.xml; path = Info.plist; sourceTree = "<group>"; };
		B3C304EC23E2AE4300B3258A /* flixsterUITests.xctest */ = {isa = PBXFileReference; explicitFileType = wrapper.cfbundle; includeInIndex = 0; path = flixsterUITests.xctest; sourceTree = BUILT_PRODUCTS_DIR; };
		B3C304F023E2AE4300B3258A /* flixsterUITests.swift */ = {isa = PBXFileReference; lastKnownFileType = sourcecode.swift; path = flixsterUITests.swift; sourceTree = "<group>"; };
		B3C304F223E2AE4300B3258A /* Info.plist */ = {isa = PBXFileReference; lastKnownFileType = text.plist.xml; path = Info.plist; sourceTree = "<group>"; };
		B3C304FE23E2B6EE00B3258A /* MovieCell.swift */ = {isa = PBXFileReference; lastKnownFileType = sourcecode.swift; path = MovieCell.swift; sourceTree = "<group>"; };
		CCA7FB9A699CA5179D86A222 /* Pods-flixsterTests.debug.xcconfig */ = {isa = PBXFileReference; includeInIndex = 1; lastKnownFileType = text.xcconfig; name = "Pods-flixsterTests.debug.xcconfig"; path = "Target Support Files/Pods-flixsterTests/Pods-flixsterTests.debug.xcconfig"; sourceTree = "<group>"; };
		CE1978EF83B74DA4743C7261 /* Pods_flixster_flixsterUITests.framework */ = {isa = PBXFileReference; explicitFileType = wrapper.framework; includeInIndex = 0; path = Pods_flixster_flixsterUITests.framework; sourceTree = BUILT_PRODUCTS_DIR; };
		D0AEEC11BD9607F88AC70837 /* Pods-flixsterTests.release.xcconfig */ = {isa = PBXFileReference; includeInIndex = 1; lastKnownFileType = text.xcconfig; name = "Pods-flixsterTests.release.xcconfig"; path = "Target Support Files/Pods-flixsterTests/Pods-flixsterTests.release.xcconfig"; sourceTree = "<group>"; };
		DFF69A006225F526C66C7FF7 /* Pods-flixster.release.xcconfig */ = {isa = PBXFileReference; includeInIndex = 1; lastKnownFileType = text.xcconfig; name = "Pods-flixster.release.xcconfig"; path = "Target Support Files/Pods-flixster/Pods-flixster.release.xcconfig"; sourceTree = "<group>"; };
		EE1026E01E76B72A599FBCD0 /* Pods-flixster-flixsterUITests.release.xcconfig */ = {isa = PBXFileReference; includeInIndex = 1; lastKnownFileType = text.xcconfig; name = "Pods-flixster-flixsterUITests.release.xcconfig"; path = "Target Support Files/Pods-flixster-flixsterUITests/Pods-flixster-flixsterUITests.release.xcconfig"; sourceTree = "<group>"; };
/* End PBXFileReference section */

/* Begin PBXFrameworksBuildPhase section */
		B3C304C823E2AE4200B3258A /* Frameworks */ = {
			isa = PBXFrameworksBuildPhase;
			buildActionMask = 2147483647;
			files = (
				AF2289B0768A386E46815366 /* Pods_flixster.framework in Frameworks */,
			);
			runOnlyForDeploymentPostprocessing = 0;
		};
		B3C304DE23E2AE4300B3258A /* Frameworks */ = {
			isa = PBXFrameworksBuildPhase;
			buildActionMask = 2147483647;
			files = (
				037A3DD7C6B24EE5AE633D87 /* Pods_flixsterTests.framework in Frameworks */,
			);
			runOnlyForDeploymentPostprocessing = 0;
		};
		B3C304E923E2AE4300B3258A /* Frameworks */ = {
			isa = PBXFrameworksBuildPhase;
			buildActionMask = 2147483647;
			files = (
				AC6A86322A431C971B27B623 /* Pods_flixster_flixsterUITests.framework in Frameworks */,
			);
			runOnlyForDeploymentPostprocessing = 0;
		};
/* End PBXFrameworksBuildPhase section */

/* Begin PBXGroup section */
		B3C304C223E2AE4200B3258A = {
			isa = PBXGroup;
			children = (
				B3C304CD23E2AE4200B3258A /* flixster */,
				B3C304E423E2AE4300B3258A /* flixsterTests */,
				B3C304EF23E2AE4300B3258A /* flixsterUITests */,
				B3C304CC23E2AE4200B3258A /* Products */,
				C62E3BA8215C332309FE43D9 /* Pods */,
				BFE4F8679E22E46AAB2D6048 /* Frameworks */,
			);
			sourceTree = "<group>";
		};
		B3C304CC23E2AE4200B3258A /* Products */ = {
			isa = PBXGroup;
			children = (
				B3C304CB23E2AE4200B3258A /* flixster.app */,
				B3C304E123E2AE4300B3258A /* flixsterTests.xctest */,
				B3C304EC23E2AE4300B3258A /* flixsterUITests.xctest */,
			);
			name = Products;
			sourceTree = "<group>";
		};
		B3C304CD23E2AE4200B3258A /* flixster */ = {
			isa = PBXGroup;
			children = (
				B3C304CE23E2AE4200B3258A /* AppDelegate.swift */,
				B3C304D023E2AE4200B3258A /* SceneDelegate.swift */,
				B3C304D223E2AE4200B3258A /* MoviesViewController.swift */,
				B3C304D423E2AE4200B3258A /* Main.storyboard */,
				B32D02F923EBF3EC00C1A269 /* MoveiGridViewController.swift */,
				B32D02F723EBE30E00C1A269 /* MovieDetailsViewController.swift */,
				B3C304FE23E2B6EE00B3258A /* MovieCell.swift */,
				B3C304D723E2AE4300B3258A /* Assets.xcassets */,
				B3C304D923E2AE4300B3258A /* LaunchScreen.storyboard */,
				B3C304DC23E2AE4300B3258A /* Info.plist */,
			);
			path = flixster;
			sourceTree = "<group>";
		};
		B3C304E423E2AE4300B3258A /* flixsterTests */ = {
			isa = PBXGroup;
			children = (
				B3C304E523E2AE4300B3258A /* flixsterTests.swift */,
				B3C304E723E2AE4300B3258A /* Info.plist */,
			);
			path = flixsterTests;
			sourceTree = "<group>";
		};
		B3C304EF23E2AE4300B3258A /* flixsterUITests */ = {
			isa = PBXGroup;
			children = (
				B3C304F023E2AE4300B3258A /* flixsterUITests.swift */,
				B3C304F223E2AE4300B3258A /* Info.plist */,
			);
			path = flixsterUITests;
			sourceTree = "<group>";
		};
		BFE4F8679E22E46AAB2D6048 /* Frameworks */ = {
			isa = PBXGroup;
			children = (
				02FDED0C6102C96C6A5FF3B6 /* Pods_flixster.framework */,
				CE1978EF83B74DA4743C7261 /* Pods_flixster_flixsterUITests.framework */,
				4F4AC09242F8D03694EBCA9C /* Pods_flixsterTests.framework */,
			);
			name = Frameworks;
			sourceTree = "<group>";
		};
		C62E3BA8215C332309FE43D9 /* Pods */ = {
			isa = PBXGroup;
			children = (
				43B14D785E5CE2BDEAA030CC /* Pods-flixster.debug.xcconfig */,
				DFF69A006225F526C66C7FF7 /* Pods-flixster.release.xcconfig */,
				28FFB33220C80F8A35479A63 /* Pods-flixster-flixsterUITests.debug.xcconfig */,
				EE1026E01E76B72A599FBCD0 /* Pods-flixster-flixsterUITests.release.xcconfig */,
				CCA7FB9A699CA5179D86A222 /* Pods-flixsterTests.debug.xcconfig */,
				D0AEEC11BD9607F88AC70837 /* Pods-flixsterTests.release.xcconfig */,
			);
			path = Pods;
			sourceTree = "<group>";
		};
/* End PBXGroup section */

/* Begin PBXNativeTarget section */
		B3C304CA23E2AE4200B3258A /* flixster */ = {
			isa = PBXNativeTarget;
			buildConfigurationList = B3C304F523E2AE4300B3258A /* Build configuration list for PBXNativeTarget "flixster" */;
			buildPhases = (
				2BA2804FB7F769E7140FD8F1 /* [CP] Check Pods Manifest.lock */,
				B3C304C723E2AE4200B3258A /* Sources */,
				B3C304C823E2AE4200B3258A /* Frameworks */,
				B3C304C923E2AE4200B3258A /* Resources */,
				7E33B1175BA951541ABA20BE /* [CP] Embed Pods Frameworks */,
			);
			buildRules = (
			);
			dependencies = (
			);
			name = flixster;
			productName = flixster;
			productReference = B3C304CB23E2AE4200B3258A /* flixster.app */;
			productType = "com.apple.product-type.application";
		};
		B3C304E023E2AE4300B3258A /* flixsterTests */ = {
			isa = PBXNativeTarget;
			buildConfigurationList = B3C304F823E2AE4300B3258A /* Build configuration list for PBXNativeTarget "flixsterTests" */;
			buildPhases = (
				B70A9698EB7160A27420FBBE /* [CP] Check Pods Manifest.lock */,
				B3C304DD23E2AE4300B3258A /* Sources */,
				B3C304DE23E2AE4300B3258A /* Frameworks */,
				B3C304DF23E2AE4300B3258A /* Resources */,
			);
			buildRules = (
			);
			dependencies = (
				B3C304E323E2AE4300B3258A /* PBXTargetDependency */,
			);
			name = flixsterTests;
			productName = flixsterTests;
			productReference = B3C304E123E2AE4300B3258A /* flixsterTests.xctest */;
			productType = "com.apple.product-type.bundle.unit-test";
		};
		B3C304EB23E2AE4300B3258A /* flixsterUITests */ = {
			isa = PBXNativeTarget;
			buildConfigurationList = B3C304FB23E2AE4300B3258A /* Build configuration list for PBXNativeTarget "flixsterUITests" */;
			buildPhases = (
				52D17E8CE1D2D667756BD48A /* [CP] Check Pods Manifest.lock */,
				B3C304E823E2AE4300B3258A /* Sources */,
				B3C304E923E2AE4300B3258A /* Frameworks */,
				B3C304EA23E2AE4300B3258A /* Resources */,
				C6BBC1B4E5E8E755ECE473D8 /* [CP] Embed Pods Frameworks */,
			);
			buildRules = (
			);
			dependencies = (
				B3C304EE23E2AE4300B3258A /* PBXTargetDependency */,
			);
			name = flixsterUITests;
			productName = flixsterUITests;
			productReference = B3C304EC23E2AE4300B3258A /* flixsterUITests.xctest */;
			productType = "com.apple.product-type.bundle.ui-testing";
		};
/* End PBXNativeTarget section */

/* Begin PBXProject section */
		B3C304C323E2AE4200B3258A /* Project object */ = {
			isa = PBXProject;
			attributes = {
				LastSwiftUpdateCheck = 1130;
				LastUpgradeCheck = 1130;
				ORGANIZATIONNAME = NDNU;
				TargetAttributes = {
					B3C304CA23E2AE4200B3258A = {
						CreatedOnToolsVersion = 11.3.1;
					};
					B3C304E023E2AE4300B3258A = {
						CreatedOnToolsVersion = 11.3.1;
						TestTargetID = B3C304CA23E2AE4200B3258A;
					};
					B3C304EB23E2AE4300B3258A = {
						CreatedOnToolsVersion = 11.3.1;
						TestTargetID = B3C304CA23E2AE4200B3258A;
					};
				};
			};
			buildConfigurationList = B3C304C623E2AE4200B3258A /* Build configuration list for PBXProject "flixster" */;
			compatibilityVersion = "Xcode 9.3";
			developmentRegion = en;
			hasScannedForEncodings = 0;
			knownRegions = (
				en,
				Base,
			);
			mainGroup = B3C304C223E2AE4200B3258A;
			productRefGroup = B3C304CC23E2AE4200B3258A /* Products */;
			projectDirPath = "";
			projectRoot = "";
			targets = (
				B3C304CA23E2AE4200B3258A /* flixster */,
				B3C304E023E2AE4300B3258A /* flixsterTests */,
				B3C304EB23E2AE4300B3258A /* flixsterUITests */,
			);
		};
/* End PBXProject section */

/* Begin PBXResourcesBuildPhase section */
		B3C304C923E2AE4200B3258A /* Resources */ = {
			isa = PBXResourcesBuildPhase;
			buildActionMask = 2147483647;
			files = (
				B3C304DB23E2AE4300B3258A /* LaunchScreen.storyboard in Resources */,
				B3C304D823E2AE4300B3258A /* Assets.xcassets in Resources */,
				B3C304D623E2AE4200B3258A /* Main.storyboard in Resources */,
			);
			runOnlyForDeploymentPostprocessing = 0;
		};
		B3C304DF23E2AE4300B3258A /* Resources */ = {
			isa = PBXResourcesBuildPhase;
			buildActionMask = 2147483647;
			files = (
			);
			runOnlyForDeploymentPostprocessing = 0;
		};
		B3C304EA23E2AE4300B3258A /* Resources */ = {
			isa = PBXResourcesBuildPhase;
			buildActionMask = 2147483647;
			files = (
			);
			runOnlyForDeploymentPostprocessing = 0;
		};
/* End PBXResourcesBuildPhase section */

/* Begin PBXShellScriptBuildPhase section */
		2BA2804FB7F769E7140FD8F1 /* [CP] Check Pods Manifest.lock */ = {
			isa = PBXShellScriptBuildPhase;
			buildActionMask = 2147483647;
			files = (
			);
			inputFileListPaths = (
			);
			inputPaths = (
				"${PODS_PODFILE_DIR_PATH}/Podfile.lock",
				"${PODS_ROOT}/Manifest.lock",
			);
			name = "[CP] Check Pods Manifest.lock";
			outputFileListPaths = (
			);
			outputPaths = (
				"$(DERIVED_FILE_DIR)/Pods-flixster-checkManifestLockResult.txt",
			);
			runOnlyForDeploymentPostprocessing = 0;
			shellPath = /bin/sh;
			shellScript = "diff \"${PODS_PODFILE_DIR_PATH}/Podfile.lock\" \"${PODS_ROOT}/Manifest.lock\" > /dev/null\nif [ $? != 0 ] ; then\n    # print error to STDERR\n    echo \"error: The sandbox is not in sync with the Podfile.lock. Run 'pod install' or update your CocoaPods installation.\" >&2\n    exit 1\nfi\n# This output is used by Xcode 'outputs' to avoid re-running this script phase.\necho \"SUCCESS\" > \"${SCRIPT_OUTPUT_FILE_0}\"\n";
			showEnvVarsInLog = 0;
		};
		52D17E8CE1D2D667756BD48A /* [CP] Check Pods Manifest.lock */ = {
			isa = PBXShellScriptBuildPhase;
			buildActionMask = 2147483647;
			files = (
			);
			inputFileListPaths = (
			);
			inputPaths = (
				"${PODS_PODFILE_DIR_PATH}/Podfile.lock",
				"${PODS_ROOT}/Manifest.lock",
			);
			name = "[CP] Check Pods Manifest.lock";
			outputFileListPaths = (
			);
			outputPaths = (
				"$(DERIVED_FILE_DIR)/Pods-flixster-flixsterUITests-checkManifestLockResult.txt",
			);
			runOnlyForDeploymentPostprocessing = 0;
			shellPath = /bin/sh;
			shellScript = "diff \"${PODS_PODFILE_DIR_PATH}/Podfile.lock\" \"${PODS_ROOT}/Manifest.lock\" > /dev/null\nif [ $? != 0 ] ; then\n    # print error to STDERR\n    echo \"error: The sandbox is not in sync with the Podfile.lock. Run 'pod install' or update your CocoaPods installation.\" >&2\n    exit 1\nfi\n# This output is used by Xcode 'outputs' to avoid re-running this script phase.\necho \"SUCCESS\" > \"${SCRIPT_OUTPUT_FILE_0}\"\n";
			showEnvVarsInLog = 0;
		};
		7E33B1175BA951541ABA20BE /* [CP] Embed Pods Frameworks */ = {
			isa = PBXShellScriptBuildPhase;
			buildActionMask = 2147483647;
			files = (
			);
			inputFileListPaths = (
				"${PODS_ROOT}/Target Support Files/Pods-flixster/Pods-flixster-frameworks-${CONFIGURATION}-input-files.xcfilelist",
			);
			name = "[CP] Embed Pods Frameworks";
			outputFileListPaths = (
				"${PODS_ROOT}/Target Support Files/Pods-flixster/Pods-flixster-frameworks-${CONFIGURATION}-output-files.xcfilelist",
			);
			runOnlyForDeploymentPostprocessing = 0;
			shellPath = /bin/sh;
			shellScript = "\"${PODS_ROOT}/Target Support Files/Pods-flixster/Pods-flixster-frameworks.sh\"\n";
			showEnvVarsInLog = 0;
		};
		B70A9698EB7160A27420FBBE /* [CP] Check Pods Manifest.lock */ = {
			isa = PBXShellScriptBuildPhase;
			buildActionMask = 2147483647;
			files = (
			);
			inputFileListPaths = (
			);
			inputPaths = (
				"${PODS_PODFILE_DIR_PATH}/Podfile.lock",
				"${PODS_ROOT}/Manifest.lock",
			);
			name = "[CP] Check Pods Manifest.lock";
			outputFileListPaths = (
			);
			outputPaths = (
				"$(DERIVED_FILE_DIR)/Pods-flixsterTests-checkManifestLockResult.txt",
			);
			runOnlyForDeploymentPostprocessing = 0;
			shellPath = /bin/sh;
			shellScript = "diff \"${PODS_PODFILE_DIR_PATH}/Podfile.lock\" \"${PODS_ROOT}/Manifest.lock\" > /dev/null\nif [ $? != 0 ] ; then\n    # print error to STDERR\n    echo \"error: The sandbox is not in sync with the Podfile.lock. Run 'pod install' or update your CocoaPods installation.\" >&2\n    exit 1\nfi\n# This output is used by Xcode 'outputs' to avoid re-running this script phase.\necho \"SUCCESS\" > \"${SCRIPT_OUTPUT_FILE_0}\"\n";
			showEnvVarsInLog = 0;
		};
		C6BBC1B4E5E8E755ECE473D8 /* [CP] Embed Pods Frameworks */ = {
			isa = PBXShellScriptBuildPhase;
			buildActionMask = 2147483647;
			files = (
			);
			inputFileListPaths = (
				"${PODS_ROOT}/Target Support Files/Pods-flixster-flixsterUITests/Pods-flixster-flixsterUITests-frameworks-${CONFIGURATION}-input-files.xcfilelist",
			);
			name = "[CP] Embed Pods Frameworks";
			outputFileListPaths = (
				"${PODS_ROOT}/Target Support Files/Pods-flixster-flixsterUITests/Pods-flixster-flixsterUITests-frameworks-${CONFIGURATION}-output-files.xcfilelist",
			);
			runOnlyForDeploymentPostprocessing = 0;
			shellPath = /bin/sh;
			shellScript = "\"${PODS_ROOT}/Target Support Files/Pods-flixster-flixsterUITests/Pods-flixster-flixsterUITests-frameworks.sh\"\n";
			showEnvVarsInLog = 0;
		};
/* End PBXShellScriptBuildPhase section */

/* Begin PBXSourcesBuildPhase section */
		B3C304C723E2AE4200B3258A /* Sources */ = {
			isa = PBXSourcesBuildPhase;
			buildActionMask = 2147483647;
			files = (
				B32D02F823EBE30E00C1A269 /* MovieDetailsViewController.swift in Sources */,
				B3C304D323E2AE4200B3258A /* MoviesViewController.swift in Sources */,
				B3C304CF23E2AE4200B3258A /* AppDelegate.swift in Sources */,
				B3C304FF23E2B6EE00B3258A /* MovieCell.swift in Sources */,
				B3C304D123E2AE4200B3258A /* SceneDelegate.swift in Sources */,
				B32D02FA23EBF3EC00C1A269 /* MoveiGridViewController.swift in Sources */,
			);
			runOnlyForDeploymentPostprocessing = 0;
		};
		B3C304DD23E2AE4300B3258A /* Sources */ = {
			isa = PBXSourcesBuildPhase;
			buildActionMask = 2147483647;
			files = (
				B3C304E623E2AE4300B3258A /* flixsterTests.swift in Sources */,
			);
			runOnlyForDeploymentPostprocessing = 0;
		};
		B3C304E823E2AE4300B3258A /* Sources */ = {
			isa = PBXSourcesBuildPhase;
			buildActionMask = 2147483647;
			files = (
				B3C304F123E2AE4300B3258A /* flixsterUITests.swift in Sources */,
			);
			runOnlyForDeploymentPostprocessing = 0;
		};
/* End PBXSourcesBuildPhase section */

/* Begin PBXTargetDependency section */
		B3C304E323E2AE4300B3258A /* PBXTargetDependency */ = {
			isa = PBXTargetDependency;
			target = B3C304CA23E2AE4200B3258A /* flixster */;
			targetProxy = B3C304E223E2AE4300B3258A /* PBXContainerItemProxy */;
		};
		B3C304EE23E2AE4300B3258A /* PBXTargetDependency */ = {
			isa = PBXTargetDependency;
			target = B3C304CA23E2AE4200B3258A /* flixster */;
			targetProxy = B3C304ED23E2AE4300B3258A /* PBXContainerItemProxy */;
		};
/* End PBXTargetDependency section */

/* Begin PBXVariantGroup section */
		B3C304D423E2AE4200B3258A /* Main.storyboard */ = {
			isa = PBXVariantGroup;
			children = (
				B3C304D523E2AE4200B3258A /* Base */,
			);
			name = Main.storyboard;
			sourceTree = "<group>";
		};
		B3C304D923E2AE4300B3258A /* LaunchScreen.storyboard */ = {
			isa = PBXVariantGroup;
			children = (
				B3C304DA23E2AE4300B3258A /* Base */,
			);
			name = LaunchScreen.storyboard;
			sourceTree = "<group>";
		};
/* End PBXVariantGroup section */

/* Begin XCBuildConfiguration section */
		B3C304F323E2AE4300B3258A /* Debug */ = {
			isa = XCBuildConfiguration;
			buildSettings = {
				ALWAYS_SEARCH_USER_PATHS = NO;
				CLANG_ANALYZER_NONNULL = YES;
				CLANG_ANALYZER_NUMBER_OBJECT_CONVERSION = YES_AGGRESSIVE;
				CLANG_CXX_LANGUAGE_STANDARD = "gnu++14";
				CLANG_CXX_LIBRARY = "libc++";
				CLANG_ENABLE_MODULES = YES;
				CLANG_ENABLE_OBJC_ARC = YES;
				CLANG_ENABLE_OBJC_WEAK = YES;
				CLANG_WARN_BLOCK_CAPTURE_AUTORELEASING = YES;
				CLANG_WARN_BOOL_CONVERSION = YES;
				CLANG_WARN_COMMA = YES;
				CLANG_WARN_CONSTANT_CONVERSION = YES;
				CLANG_WARN_DEPRECATED_OBJC_IMPLEMENTATIONS = YES;
				CLANG_WARN_DIRECT_OBJC_ISA_USAGE = YES_ERROR;
				CLANG_WARN_DOCUMENTATION_COMMENTS = YES;
				CLANG_WARN_EMPTY_BODY = YES;
				CLANG_WARN_ENUM_CONVERSION = YES;
				CLANG_WARN_INFINITE_RECURSION = YES;
				CLANG_WARN_INT_CONVERSION = YES;
				CLANG_WARN_NON_LITERAL_NULL_CONVERSION = YES;
				CLANG_WARN_OBJC_IMPLICIT_RETAIN_SELF = YES;
				CLANG_WARN_OBJC_LITERAL_CONVERSION = YES;
				CLANG_WARN_OBJC_ROOT_CLASS = YES_ERROR;
				CLANG_WARN_RANGE_LOOP_ANALYSIS = YES;
				CLANG_WARN_STRICT_PROTOTYPES = YES;
				CLANG_WARN_SUSPICIOUS_MOVE = YES;
				CLANG_WARN_UNGUARDED_AVAILABILITY = YES_AGGRESSIVE;
				CLANG_WARN_UNREACHABLE_CODE = YES;
				CLANG_WARN__DUPLICATE_METHOD_MATCH = YES;
				COPY_PHASE_STRIP = NO;
				DEBUG_INFORMATION_FORMAT = dwarf;
				ENABLE_STRICT_OBJC_MSGSEND = YES;
				ENABLE_TESTABILITY = YES;
				GCC_C_LANGUAGE_STANDARD = gnu11;
				GCC_DYNAMIC_NO_PIC = NO;
				GCC_NO_COMMON_BLOCKS = YES;
				GCC_OPTIMIZATION_LEVEL = 0;
				GCC_PREPROCESSOR_DEFINITIONS = (
					"DEBUG=1",
					"$(inherited)",
				);
				GCC_WARN_64_TO_32_BIT_CONVERSION = YES;
				GCC_WARN_ABOUT_RETURN_TYPE = YES_ERROR;
				GCC_WARN_UNDECLARED_SELECTOR = YES;
				GCC_WARN_UNINITIALIZED_AUTOS = YES_AGGRESSIVE;
				GCC_WARN_UNUSED_FUNCTION = YES;
				GCC_WARN_UNUSED_VARIABLE = YES;
				IPHONEOS_DEPLOYMENT_TARGET = 13.2;
				MTL_ENABLE_DEBUG_INFO = INCLUDE_SOURCE;
				MTL_FAST_MATH = YES;
				ONLY_ACTIVE_ARCH = YES;
				SDKROOT = iphoneos;
				SWIFT_ACTIVE_COMPILATION_CONDITIONS = DEBUG;
				SWIFT_OPTIMIZATION_LEVEL = "-Onone";
			};
			name = Debug;
		};
		B3C304F423E2AE4300B3258A /* Release */ = {
			isa = XCBuildConfiguration;
			buildSettings = {
				ALWAYS_SEARCH_USER_PATHS = NO;
				CLANG_ANALYZER_NONNULL = YES;
				CLANG_ANALYZER_NUMBER_OBJECT_CONVERSION = YES_AGGRESSIVE;
				CLANG_CXX_LANGUAGE_STANDARD = "gnu++14";
				CLANG_CXX_LIBRARY = "libc++";
				CLANG_ENABLE_MODULES = YES;
				CLANG_ENABLE_OBJC_ARC = YES;
				CLANG_ENABLE_OBJC_WEAK = YES;
				CLANG_WARN_BLOCK_CAPTURE_AUTORELEASING = YES;
				CLANG_WARN_BOOL_CONVERSION = YES;
				CLANG_WARN_COMMA = YES;
				CLANG_WARN_CONSTANT_CONVERSION = YES;
				CLANG_WARN_DEPRECATED_OBJC_IMPLEMENTATIONS = YES;
				CLANG_WARN_DIRECT_OBJC_ISA_USAGE = YES_ERROR;
				CLANG_WARN_DOCUMENTATION_COMMENTS = YES;
				CLANG_WARN_EMPTY_BODY = YES;
				CLANG_WARN_ENUM_CONVERSION = YES;
				CLANG_WARN_INFINITE_RECURSION = YES;
				CLANG_WARN_INT_CONVERSION = YES;
				CLANG_WARN_NON_LITERAL_NULL_CONVERSION = YES;
				CLANG_WARN_OBJC_IMPLICIT_RETAIN_SELF = YES;
				CLANG_WARN_OBJC_LITERAL_CONVERSION = YES;
				CLANG_WARN_OBJC_ROOT_CLASS = YES_ERROR;
				CLANG_WARN_RANGE_LOOP_ANALYSIS = YES;
				CLANG_WARN_STRICT_PROTOTYPES = YES;
				CLANG_WARN_SUSPICIOUS_MOVE = YES;
				CLANG_WARN_UNGUARDED_AVAILABILITY = YES_AGGRESSIVE;
				CLANG_WARN_UNREACHABLE_CODE = YES;
				CLANG_WARN__DUPLICATE_METHOD_MATCH = YES;
				COPY_PHASE_STRIP = NO;
				DEBUG_INFORMATION_FORMAT = "dwarf-with-dsym";
				ENABLE_NS_ASSERTIONS = NO;
				ENABLE_STRICT_OBJC_MSGSEND = YES;
				GCC_C_LANGUAGE_STANDARD = gnu11;
				GCC_NO_COMMON_BLOCKS = YES;
				GCC_WARN_64_TO_32_BIT_CONVERSION = YES;
				GCC_WARN_ABOUT_RETURN_TYPE = YES_ERROR;
				GCC_WARN_UNDECLARED_SELECTOR = YES;
				GCC_WARN_UNINITIALIZED_AUTOS = YES_AGGRESSIVE;
				GCC_WARN_UNUSED_FUNCTION = YES;
				GCC_WARN_UNUSED_VARIABLE = YES;
				IPHONEOS_DEPLOYMENT_TARGET = 13.2;
				MTL_ENABLE_DEBUG_INFO = NO;
				MTL_FAST_MATH = YES;
				SDKROOT = iphoneos;
				SWIFT_COMPILATION_MODE = wholemodule;
				SWIFT_OPTIMIZATION_LEVEL = "-O";
				VALIDATE_PRODUCT = YES;
			};
			name = Release;
		};
		B3C304F623E2AE4300B3258A /* Debug */ = {
			isa = XCBuildConfiguration;
			baseConfigurationReference = 43B14D785E5CE2BDEAA030CC /* Pods-flixster.debug.xcconfig */;
			buildSettings = {
				ASSETCATALOG_COMPILER_APPICON_NAME = AppIcon;
				CODE_SIGN_STYLE = Automatic;
				INFOPLIST_FILE = flixster/Info.plist;
				LD_RUNPATH_SEARCH_PATHS = (
					"$(inherited)",
					"@executable_path/Frameworks",
				);
				PRODUCT_BUNDLE_IDENTIFIER = "Leo-Samuelson.flixster";
				PRODUCT_NAME = "$(TARGET_NAME)";
				SWIFT_VERSION = 5.0;
				TARGETED_DEVICE_FAMILY = "1,2";
			};
			name = Debug;
		};
		B3C304F723E2AE4300B3258A /* Release */ = {
			isa = XCBuildConfiguration;
			baseConfigurationReference = DFF69A006225F526C66C7FF7 /* Pods-flixster.release.xcconfig */;
			buildSettings = {
				ASSETCATALOG_COMPILER_APPICON_NAME = AppIcon;
				CODE_SIGN_STYLE = Automatic;
				INFOPLIST_FILE = flixster/Info.plist;
				LD_RUNPATH_SEARCH_PATHS = (
					"$(inherited)",
					"@executable_path/Frameworks",
				);
				PRODUCT_BUNDLE_IDENTIFIER = "Leo-Samuelson.flixster";
				PRODUCT_NAME = "$(TARGET_NAME)";
				SWIFT_VERSION = 5.0;
				TARGETED_DEVICE_FAMILY = "1,2";
			};
			name = Release;
		};
		B3C304F923E2AE4300B3258A /* Debug */ = {
			isa = XCBuildConfiguration;
			baseConfigurationReference = CCA7FB9A699CA5179D86A222 /* Pods-flixsterTests.debug.xcconfig */;
			buildSettings = {
				ALWAYS_EMBED_SWIFT_STANDARD_LIBRARIES = YES;
				BUNDLE_LOADER = "$(TEST_HOST)";
				CODE_SIGN_STYLE = Automatic;
				INFOPLIST_FILE = flixsterTests/Info.plist;
				IPHONEOS_DEPLOYMENT_TARGET = 13.2;
				LD_RUNPATH_SEARCH_PATHS = (
					"$(inherited)",
					"@executable_path/Frameworks",
					"@loader_path/Frameworks",
				);
				PRODUCT_BUNDLE_IDENTIFIER = "Leo-Samuelson.flixsterTests";
				PRODUCT_NAME = "$(TARGET_NAME)";
				SWIFT_VERSION = 5.0;
				TARGETED_DEVICE_FAMILY = "1,2";
				TEST_HOST = "$(BUILT_PRODUCTS_DIR)/flixster.app/flixster";
			};
			name = Debug;
		};
		B3C304FA23E2AE4300B3258A /* Release */ = {
			isa = XCBuildConfiguration;
			baseConfigurationReference = D0AEEC11BD9607F88AC70837 /* Pods-flixsterTests.release.xcconfig */;
			buildSettings = {
				ALWAYS_EMBED_SWIFT_STANDARD_LIBRARIES = YES;
				BUNDLE_LOADER = "$(TEST_HOST)";
				CODE_SIGN_STYLE = Automatic;
				INFOPLIST_FILE = flixsterTests/Info.plist;
				IPHONEOS_DEPLOYMENT_TARGET = 13.2;
				LD_RUNPATH_SEARCH_PATHS = (
					"$(inherited)",
					"@executable_path/Frameworks",
					"@loader_path/Frameworks",
				);
				PRODUCT_BUNDLE_IDENTIFIER = "Leo-Samuelson.flixsterTests";
				PRODUCT_NAME = "$(TARGET_NAME)";
				SWIFT_VERSION = 5.0;
				TARGETED_DEVICE_FAMILY = "1,2";
				TEST_HOST = "$(BUILT_PRODUCTS_DIR)/flixster.app/flixster";
			};
			name = Release;
		};
		B3C304FC23E2AE4300B3258A /* Debug */ = {
			isa = XCBuildConfiguration;
			baseConfigurationReference = 28FFB33220C80F8A35479A63 /* Pods-flixster-flixsterUITests.debug.xcconfig */;
			buildSettings = {
				ALWAYS_EMBED_SWIFT_STANDARD_LIBRARIES = YES;
				CODE_SIGN_STYLE = Automatic;
				INFOPLIST_FILE = flixsterUITests/Info.plist;
				LD_RUNPATH_SEARCH_PATHS = (
					"$(inherited)",
					"@executable_path/Frameworks",
					"@loader_path/Frameworks",
				);
				PRODUCT_BUNDLE_IDENTIFIER = "Leo-Samuelson.flixsterUITests";
				PRODUCT_NAME = "$(TARGET_NAME)";
				SWIFT_VERSION = 5.0;
				TARGETED_DEVICE_FAMILY = "1,2";
				TEST_TARGET_NAME = flixster;
			};
			name = Debug;
		};
		B3C304FD23E2AE4300B3258A /* Release */ = {
			isa = XCBuildConfiguration;
			baseConfigurationReference = EE1026E01E76B72A599FBCD0 /* Pods-flixster-flixsterUITests.release.xcconfig */;
			buildSettings = {
				ALWAYS_EMBED_SWIFT_STANDARD_LIBRARIES = YES;
				CODE_SIGN_STYLE = Automatic;
				INFOPLIST_FILE = flixsterUITests/Info.plist;
				LD_RUNPATH_SEARCH_PATHS = (
					"$(inherited)",
					"@executable_path/Frameworks",
					"@loader_path/Frameworks",
				);
				PRODUCT_BUNDLE_IDENTIFIER = "Leo-Samuelson.flixsterUITests";
				PRODUCT_NAME = "$(TARGET_NAME)";
				SWIFT_VERSION = 5.0;
				TARGETED_DEVICE_FAMILY = "1,2";
				TEST_TARGET_NAME = flixster;
			};
			name = Release;
		};
/* End XCBuildConfiguration section */

/* Begin XCConfigurationList section */
		B3C304C623E2AE4200B3258A /* Build configuration list for PBXProject "flixster" */ = {
			isa = XCConfigurationList;
			buildConfigurations = (
				B3C304F323E2AE4300B3258A /* Debug */,
				B3C304F423E2AE4300B3258A /* Release */,
			);
			defaultConfigurationIsVisible = 0;
			defaultConfigurationName = Release;
		};
		B3C304F523E2AE4300B3258A /* Build configuration list for PBXNativeTarget "flixster" */ = {
			isa = XCConfigurationList;
			buildConfigurations = (
				B3C304F623E2AE4300B3258A /* Debug */,
				B3C304F723E2AE4300B3258A /* Release */,
			);
			defaultConfigurationIsVisible = 0;
			defaultConfigurationName = Release;
		};
		B3C304F823E2AE4300B3258A /* Build configuration list for PBXNativeTarget "flixsterTests" */ = {
			isa = XCConfigurationList;
			buildConfigurations = (
				B3C304F923E2AE4300B3258A /* Debug */,
				B3C304FA23E2AE4300B3258A /* Release */,
			);
			defaultConfigurationIsVisible = 0;
			defaultConfigurationName = Release;
		};
		B3C304FB23E2AE4300B3258A /* Build configuration list for PBXNativeTarget "flixsterUITests" */ = {
			isa = XCConfigurationList;
			buildConfigurations = (
				B3C304FC23E2AE4300B3258A /* Debug */,
				B3C304FD23E2AE4300B3258A /* Release */,
			);
			defaultConfigurationIsVisible = 0;
			defaultConfigurationName = Release;
		};
/* End XCConfigurationList section */
	};
	rootObject = B3C304C323E2AE4200B3258A /* Project object */;
}
